// !$*UTF8*$!
{
	archiveVersion = 1;
	classes = {
	};
	objectVersion = 50;
	objects = {

/* Begin PBXBuildFile section */
		D6E293EF2254C99500A927B6 /* AppDelegate.swift in Sources */ = {isa = PBXBuildFile; fileRef = D6E293EE2254C99500A927B6 /* AppDelegate.swift */; };
		D6E293F12254C99500A927B6 /* ViewController.swift in Sources */ = {isa = PBXBuildFile; fileRef = D6E293F02254C99500A927B6 /* ViewController.swift */; };
		D6E293F62254C99600A927B6 /* Assets.xcassets in Resources */ = {isa = PBXBuildFile; fileRef = D6E293F52254C99600A927B6 /* Assets.xcassets */; };
		D6E293F92254C99600A927B6 /* LaunchScreen.storyboard in Resources */ = {isa = PBXBuildFile; fileRef = D6E293F72254C99600A927B6 /* LaunchScreen.storyboard */; };
		D6E294042254C99600A927B6 /* AutoLayoutTests.swift in Sources */ = {isa = PBXBuildFile; fileRef = D6E294032254C99600A927B6 /* AutoLayoutTests.swift */; };
		D6E2940F2254C99600A927B6 /* AutoLayoutUITests.swift in Sources */ = {isa = PBXBuildFile; fileRef = D6E2940E2254C99600A927B6 /* AutoLayoutUITests.swift */; };
		D6E2941D2254DBB200A927B6 /* Main.storyboard in Resources */ = {isa = PBXBuildFile; fileRef = D6E2941C2254DBB200A927B6 /* Main.storyboard */; };
		D6E2941F225504E500A927B6 /* BookPoster.jpg in Resources */ = {isa = PBXBuildFile; fileRef = D6E2941E225504E400A927B6 /* BookPoster.jpg */; };
		D6E29421225510A500A927B6 /* ProductViewController.swift in Sources */ = {isa = PBXBuildFile; fileRef = D6E29420225510A500A927B6 /* ProductViewController.swift */; };
/* End PBXBuildFile section */

/* Begin PBXContainerItemProxy section */
		D6E294002254C99600A927B6 /* PBXContainerItemProxy */ = {
			isa = PBXContainerItemProxy;
			containerPortal = D6E293E32254C99500A927B6 /* Project object */;
			proxyType = 1;
			remoteGlobalIDString = D6E293EA2254C99500A927B6;
			remoteInfo = AutoLayout;
		};
		D6E2940B2254C99600A927B6 /* PBXContainerItemProxy */ = {
			isa = PBXContainerItemProxy;
			containerPortal = D6E293E32254C99500A927B6 /* Project object */;
			proxyType = 1;
			remoteGlobalIDString = D6E293EA2254C99500A927B6;
			remoteInfo = AutoLayout;
		};
/* End PBXContainerItemProxy section */

/* Begin PBXFileReference section */
		D6E293EB2254C99500A927B6 /* AutoLayout.app */ = {isa = PBXFileReference; explicitFileType = wrapper.application; includeInIndex = 0; path = AutoLayout.app; sourceTree = BUILT_PRODUCTS_DIR; };
		D6E293EE2254C99500A927B6 /* AppDelegate.swift */ = {isa = PBXFileReference; lastKnownFileType = sourcecode.swift; path = AppDelegate.swift; sourceTree = "<group>"; };
		D6E293F02254C99500A927B6 /* ViewController.swift */ = {isa = PBXFileReference; lastKnownFileType = sourcecode.swift; path = ViewController.swift; sourceTree = "<group>"; };
		D6E293F52254C99600A927B6 /* Assets.xcassets */ = {isa = PBXFileReference; lastKnownFileType = folder.assetcatalog; path = Assets.xcassets; sourceTree = "<group>"; };
		D6E293F82254C99600A927B6 /* Base */ = {isa = PBXFileReference; lastKnownFileType = file.storyboard; name = Base; path = Base.lproj/LaunchScreen.storyboard; sourceTree = "<group>"; };
		D6E293FA2254C99600A927B6 /* Info.plist */ = {isa = PBXFileReference; lastKnownFileType = text.plist.xml; path = Info.plist; sourceTree = "<group>"; };
		D6E293FF2254C99600A927B6 /* AutoLayoutTests.xctest */ = {isa = PBXFileReference; explicitFileType = wrapper.cfbundle; includeInIndex = 0; path = AutoLayoutTests.xctest; sourceTree = BUILT_PRODUCTS_DIR; };
		D6E294032254C99600A927B6 /* AutoLayoutTests.swift */ = {isa = PBXFileReference; lastKnownFileType = sourcecode.swift; path = AutoLayoutTests.swift; sourceTree = "<group>"; };
		D6E294052254C99600A927B6 /* Info.plist */ = {isa = PBXFileReference; lastKnownFileType = text.plist.xml; path = Info.plist; sourceTree = "<group>"; };
		D6E2940A2254C99600A927B6 /* AutoLayoutUITests.xctest */ = {isa = PBXFileReference; explicitFileType = wrapper.cfbundle; includeInIndex = 0; path = AutoLayoutUITests.xctest; sourceTree = BUILT_PRODUCTS_DIR; };
		D6E2940E2254C99600A927B6 /* AutoLayoutUITests.swift */ = {isa = PBXFileReference; lastKnownFileType = sourcecode.swift; path = AutoLayoutUITests.swift; sourceTree = "<group>"; };
		D6E294102254C99600A927B6 /* Info.plist */ = {isa = PBXFileReference; lastKnownFileType = text.plist.xml; path = Info.plist; sourceTree = "<group>"; };
		D6E2941C2254DBB200A927B6 /* Main.storyboard */ = {isa = PBXFileReference; fileEncoding = 4; lastKnownFileType = file.storyboard; path = Main.storyboard; sourceTree = "<group>"; };
		D6E2941E225504E400A927B6 /* BookPoster.jpg */ = {isa = PBXFileReference; lastKnownFileType = image.jpeg; path = BookPoster.jpg; sourceTree = "<group>"; };
		D6E29420225510A500A927B6 /* ProductViewController.swift */ = {isa = PBXFileReference; lastKnownFileType = sourcecode.swift; path = ProductViewController.swift; sourceTree = "<group>"; };
/* End PBXFileReference section */

/* Begin PBXFrameworksBuildPhase section */
		D6E293E82254C99500A927B6 /* Frameworks */ = {
			isa = PBXFrameworksBuildPhase;
			buildActionMask = 2147483647;
			files = (
			);
			runOnlyForDeploymentPostprocessing = 0;
		};
		D6E293FC2254C99600A927B6 /* Frameworks */ = {
			isa = PBXFrameworksBuildPhase;
			buildActionMask = 2147483647;
			files = (
			);
			runOnlyForDeploymentPostprocessing = 0;
		};
		D6E294072254C99600A927B6 /* Frameworks */ = {
			isa = PBXFrameworksBuildPhase;
			buildActionMask = 2147483647;
			files = (
			);
			runOnlyForDeploymentPostprocessing = 0;
		};
/* End PBXFrameworksBuildPhase section */

/* Begin PBXGroup section */
		D6E293E22254C99500A927B6 = {
			isa = PBXGroup;
			children = (
				D6E293ED2254C99500A927B6 /* AutoLayout */,
				D6E294022254C99600A927B6 /* AutoLayoutTests */,
				D6E2940D2254C99600A927B6 /* AutoLayoutUITests */,
				D6E293EC2254C99500A927B6 /* Products */,
			);
			sourceTree = "<group>";
		};
		D6E293EC2254C99500A927B6 /* Products */ = {
			isa = PBXGroup;
			children = (
				D6E293EB2254C99500A927B6 /* AutoLayout.app */,
				D6E293FF2254C99600A927B6 /* AutoLayoutTests.xctest */,
				D6E2940A2254C99600A927B6 /* AutoLayoutUITests.xctest */,
			);
			name = Products;
			sourceTree = "<group>";
		};
		D6E293ED2254C99500A927B6 /* AutoLayout */ = {
			isa = PBXGroup;
			children = (
				D6E2941E225504E400A927B6 /* BookPoster.jpg */,
				D6E2941C2254DBB200A927B6 /* Main.storyboard */,
				D6E29420225510A500A927B6 /* ProductViewController.swift */,
				D6E293EE2254C99500A927B6 /* AppDelegate.swift */,
				D6E293F02254C99500A927B6 /* ViewController.swift */,
				D6E293F52254C99600A927B6 /* Assets.xcassets */,
				D6E293F72254C99600A927B6 /* LaunchScreen.storyboard */,
				D6E293FA2254C99600A927B6 /* Info.plist */,
			);
			path = AutoLayout;
			sourceTree = "<group>";
		};
		D6E294022254C99600A927B6 /* AutoLayoutTests */ = {
			isa = PBXGroup;
			children = (
				D6E294032254C99600A927B6 /* AutoLayoutTests.swift */,
				D6E294052254C99600A927B6 /* Info.plist */,
			);
			path = AutoLayoutTests;
			sourceTree = "<group>";
		};
		D6E2940D2254C99600A927B6 /* AutoLayoutUITests */ = {
			isa = PBXGroup;
			children = (
				D6E2940E2254C99600A927B6 /* AutoLayoutUITests.swift */,
				D6E294102254C99600A927B6 /* Info.plist */,
			);
			path = AutoLayoutUITests;
			sourceTree = "<group>";
		};
/* End PBXGroup section */

/* Begin PBXNativeTarget section */
		D6E293EA2254C99500A927B6 /* AutoLayout */ = {
			isa = PBXNativeTarget;
			buildConfigurationList = D6E294132254C99600A927B6 /* Build configuration list for PBXNativeTarget "AutoLayout" */;
			buildPhases = (
				D6E293E72254C99500A927B6 /* Sources */,
				D6E293E82254C99500A927B6 /* Frameworks */,
				D6E293E92254C99500A927B6 /* Resources */,
			);
			buildRules = (
			);
			dependencies = (
			);
			name = AutoLayout;
			productName = AutoLayout;
			productReference = D6E293EB2254C99500A927B6 /* AutoLayout.app */;
			productType = "com.apple.product-type.application";
		};
		D6E293FE2254C99600A927B6 /* AutoLayoutTests */ = {
			isa = PBXNativeTarget;
			buildConfigurationList = D6E294162254C99600A927B6 /* Build configuration list for PBXNativeTarget "AutoLayoutTests" */;
			buildPhases = (
				D6E293FB2254C99600A927B6 /* Sources */,
				D6E293FC2254C99600A927B6 /* Frameworks */,
				D6E293FD2254C99600A927B6 /* Resources */,
			);
			buildRules = (
			);
			dependencies = (
				D6E294012254C99600A927B6 /* PBXTargetDependency */,
			);
			name = AutoLayoutTests;
			productName = AutoLayoutTests;
			productReference = D6E293FF2254C99600A927B6 /* AutoLayoutTests.xctest */;
			productType = "com.apple.product-type.bundle.unit-test";
		};
		D6E294092254C99600A927B6 /* AutoLayoutUITests */ = {
			isa = PBXNativeTarget;
			buildConfigurationList = D6E294192254C99600A927B6 /* Build configuration list for PBXNativeTarget "AutoLayoutUITests" */;
			buildPhases = (
				D6E294062254C99600A927B6 /* Sources */,
				D6E294072254C99600A927B6 /* Frameworks */,
				D6E294082254C99600A927B6 /* Resources */,
			);
			buildRules = (
			);
			dependencies = (
				D6E2940C2254C99600A927B6 /* PBXTargetDependency */,
			);
			name = AutoLayoutUITests;
			productName = AutoLayoutUITests;
			productReference = D6E2940A2254C99600A927B6 /* AutoLayoutUITests.xctest */;
			productType = "com.apple.product-type.bundle.ui-testing";
		};
/* End PBXNativeTarget section */

/* Begin PBXProject section */
		D6E293E32254C99500A927B6 /* Project object */ = {
			isa = PBXProject;
			attributes = {
				LastSwiftUpdateCheck = 1010;
				LastUpgradeCheck = 1010;
				ORGANIZATIONNAME = "Rinto Andrews";
				TargetAttributes = {
					D6E293EA2254C99500A927B6 = {
						CreatedOnToolsVersion = 10.1;
					};
					D6E293FE2254C99600A927B6 = {
						CreatedOnToolsVersion = 10.1;
						TestTargetID = D6E293EA2254C99500A927B6;
					};
					D6E294092254C99600A927B6 = {
						CreatedOnToolsVersion = 10.1;
						TestTargetID = D6E293EA2254C99500A927B6;
					};
				};
			};
			buildConfigurationList = D6E293E62254C99500A927B6 /* Build configuration list for PBXProject "AutoLayout" */;
			compatibilityVersion = "Xcode 9.3";
			developmentRegion = en;
			hasScannedForEncodings = 0;
			knownRegions = (
				en,
				Base,
			);
			mainGroup = D6E293E22254C99500A927B6;
			productRefGroup = D6E293EC2254C99500A927B6 /* Products */;
			projectDirPath = "";
			projectRoot = "";
			targets = (
				D6E293EA2254C99500A927B6 /* AutoLayout */,
				D6E293FE2254C99600A927B6 /* AutoLayoutTests */,
				D6E294092254C99600A927B6 /* AutoLayoutUITests */,
			);
		};
/* End PBXProject section */

/* Begin PBXResourcesBuildPhase section */
		D6E293E92254C99500A927B6 /* Resources */ = {
			isa = PBXResourcesBuildPhase;
			buildActionMask = 2147483647;
			files = (
				D6E2941D2254DBB200A927B6 /* Main.storyboard in Resources */,
				D6E2941F225504E500A927B6 /* BookPoster.jpg in Resources */,
				D6E293F92254C99600A927B6 /* LaunchScreen.storyboard in Resources */,
				D6E293F62254C99600A927B6 /* Assets.xcassets in Resources */,
			);
			runOnlyForDeploymentPostprocessing = 0;
		};
		D6E293FD2254C99600A927B6 /* Resources */ = {
			isa = PBXResourcesBuildPhase;
			buildActionMask = 2147483647;
			files = (
			);
			runOnlyForDeploymentPostprocessing = 0;
		};
		D6E294082254C99600A927B6 /* Resources */ = {
			isa = PBXResourcesBuildPhase;
			buildActionMask = 2147483647;
			files = (
			);
			runOnlyForDeploymentPostprocessing = 0;
		};
/* End PBXResourcesBuildPhase section */

/* Begin PBXSourcesBuildPhase section */
		D6E293E72254C99500A927B6 /* Sources */ = {
			isa = PBXSourcesBuildPhase;
			buildActionMask = 2147483647;
			files = (
				D6E29421225510A500A927B6 /* ProductViewController.swift in Sources */,
				D6E293F12254C99500A927B6 /* ViewController.swift in Sources */,
				D6E293EF2254C99500A927B6 /* AppDelegate.swift in Sources */,
			);
			runOnlyForDeploymentPostprocessing = 0;
		};
		D6E293FB2254C99600A927B6 /* Sources */ = {
			isa = PBXSourcesBuildPhase;
			buildActionMask = 2147483647;
			files = (
				D6E294042254C99600A927B6 /* AutoLayoutTests.swift in Sources */,
			);
			runOnlyForDeploymentPostprocessing = 0;
		};
		D6E294062254C99600A927B6 /* Sources */ = {
			isa = PBXSourcesBuildPhase;
			buildActionMask = 2147483647;
			files = (
				D6E2940F2254C99600A927B6 /* AutoLayoutUITests.swift in Sources */,
			);
			runOnlyForDeploymentPostprocessing = 0;
		};
/* End PBXSourcesBuildPhase section */

/* Begin PBXTargetDependency section */
		D6E294012254C99600A927B6 /* PBXTargetDependency */ = {
			isa = PBXTargetDependency;
			target = D6E293EA2254C99500A927B6 /* AutoLayout */;
			targetProxy = D6E294002254C99600A927B6 /* PBXContainerItemProxy */;
		};
		D6E2940C2254C99600A927B6 /* PBXTargetDependency */ = {
			isa = PBXTargetDependency;
			target = D6E293EA2254C99500A927B6 /* AutoLayout */;
			targetProxy = D6E2940B2254C99600A927B6 /* PBXContainerItemProxy */;
		};
/* End PBXTargetDependency section */

/* Begin PBXVariantGroup section */
		D6E293F72254C99600A927B6 /* LaunchScreen.storyboard */ = {
			isa = PBXVariantGroup;
			children = (
				D6E293F82254C99600A927B6 /* Base */,
			);
			name = LaunchScreen.storyboard;
			sourceTree = "<group>";
		};
/* End PBXVariantGroup section */

/* Begin XCBuildConfiguration section */
		D6E294112254C99600A927B6 /* Debug */ = {
			isa = XCBuildConfiguration;
			buildSettings = {
				ALWAYS_SEARCH_USER_PATHS = NO;
				CLANG_ANALYZER_NONNULL = YES;
				CLANG_ANALYZER_NUMBER_OBJECT_CONVERSION = YES_AGGRESSIVE;
				CLANG_CXX_LANGUAGE_STANDARD = "gnu++14";
				CLANG_CXX_LIBRARY = "libc++";
				CLANG_ENABLE_MODULES = YES;
				CLANG_ENABLE_OBJC_ARC = YES;
				CLANG_ENABLE_OBJC_WEAK = YES;
				CLANG_WARN_BLOCK_CAPTURE_AUTORELEASING = YES;
				CLANG_WARN_BOOL_CONVERSION = YES;
				CLANG_WARN_COMMA = YES;
				CLANG_WARN_CONSTANT_CONVERSION = YES;
				CLANG_WARN_DEPRECATED_OBJC_IMPLEMENTATIONS = YES;
				CLANG_WARN_DIRECT_OBJC_ISA_USAGE = YES_ERROR;
				CLANG_WARN_DOCUMENTATION_COMMENTS = YES;
				CLANG_WARN_EMPTY_BODY = YES;
				CLANG_WARN_ENUM_CONVERSION = YES;
				CLANG_WARN_INFINITE_RECURSION = YES;
				CLANG_WARN_INT_CONVERSION = YES;
				CLANG_WARN_NON_LITERAL_NULL_CONVERSION = YES;
				CLANG_WARN_OBJC_IMPLICIT_RETAIN_SELF = YES;
				CLANG_WARN_OBJC_LITERAL_CONVERSION = YES;
				CLANG_WARN_OBJC_ROOT_CLASS = YES_ERROR;
				CLANG_WARN_RANGE_LOOP_ANALYSIS = YES;
				CLANG_WARN_STRICT_PROTOTYPES = YES;
				CLANG_WARN_SUSPICIOUS_MOVE = YES;
				CLANG_WARN_UNGUARDED_AVAILABILITY = YES_AGGRESSIVE;
				CLANG_WARN_UNREACHABLE_CODE = YES;
				CLANG_WARN__DUPLICATE_METHOD_MATCH = YES;
				CODE_SIGN_IDENTITY = "iPhone Developer";
				COPY_PHASE_STRIP = NO;
				DEBUG_INFORMATION_FORMAT = dwarf;
				ENABLE_STRICT_OBJC_MSGSEND = YES;
				ENABLE_TESTABILITY = YES;
				GCC_C_LANGUAGE_STANDARD = gnu11;
				GCC_DYNAMIC_NO_PIC = NO;
				GCC_NO_COMMON_BLOCKS = YES;
				GCC_OPTIMIZATION_LEVEL = 0;
				GCC_PREPROCESSOR_DEFINITIONS = (
					"DEBUG=1",
					"$(inherited)",
				);
				GCC_WARN_64_TO_32_BIT_CONVERSION = YES;
				GCC_WARN_ABOUT_RETURN_TYPE = YES_ERROR;
				GCC_WARN_UNDECLARED_SELECTOR = YES;
				GCC_WARN_UNINITIALIZED_AUTOS = YES_AGGRESSIVE;
				GCC_WARN_UNUSED_FUNCTION = YES;
				GCC_WARN_UNUSED_VARIABLE = YES;
				IPHONEOS_DEPLOYMENT_TARGET = 12.1;
				MTL_ENABLE_DEBUG_INFO = INCLUDE_SOURCE;
				MTL_FAST_MATH = YES;
				ONLY_ACTIVE_ARCH = YES;
				SDKROOT = iphoneos;
				SWIFT_ACTIVE_COMPILATION_CONDITIONS = DEBUG;
				SWIFT_OPTIMIZATION_LEVEL = "-Onone";
			};
			name = Debug;
		};
		D6E294122254C99600A927B6 /* Release */ = {
			isa = XCBuildConfiguration;
			buildSettings = {
				ALWAYS_SEARCH_USER_PATHS = NO;
				CLANG_ANALYZER_NONNULL = YES;
				CLANG_ANALYZER_NUMBER_OBJECT_CONVERSION = YES_AGGRESSIVE;
				CLANG_CXX_LANGUAGE_STANDARD = "gnu++14";
				CLANG_CXX_LIBRARY = "libc++";
				CLANG_ENABLE_MODULES = YES;
				CLANG_ENABLE_OBJC_ARC = YES;
				CLANG_ENABLE_OBJC_WEAK = YES;
				CLANG_WARN_BLOCK_CAPTURE_AUTORELEASING = YES;
				CLANG_WARN_BOOL_CONVERSION = YES;
				CLANG_WARN_COMMA = YES;
				CLANG_WARN_CONSTANT_CONVERSION = YES;
				CLANG_WARN_DEPRECATED_OBJC_IMPLEMENTATIONS = YES;
				CLANG_WARN_DIRECT_OBJC_ISA_USAGE = YES_ERROR;
				CLANG_WARN_DOCUMENTATION_COMMENTS = YES;
				CLANG_WARN_EMPTY_BODY = YES;
				CLANG_WARN_ENUM_CONVERSION = YES;
				CLANG_WARN_INFINITE_RECURSION = YES;
				CLANG_WARN_INT_CONVERSION = YES;
				CLANG_WARN_NON_LITERAL_NULL_CONVERSION = YES;
				CLANG_WARN_OBJC_IMPLICIT_RETAIN_SELF = YES;
				CLANG_WARN_OBJC_LITERAL_CONVERSION = YES;
				CLANG_WARN_OBJC_ROOT_CLASS = YES_ERROR;
				CLANG_WARN_RANGE_LOOP_ANALYSIS = YES;
				CLANG_WARN_STRICT_PROTOTYPES = YES;
				CLANG_WARN_SUSPICIOUS_MOVE = YES;
				CLANG_WARN_UNGUARDED_AVAILABILITY = YES_AGGRESSIVE;
				CLANG_WARN_UNREACHABLE_CODE = YES;
				CLANG_WARN__DUPLICATE_METHOD_MATCH = YES;
				CODE_SIGN_IDENTITY = "iPhone Developer";
				COPY_PHASE_STRIP = NO;
				DEBUG_INFORMATION_FORMAT = "dwarf-with-dsym";
				ENABLE_NS_ASSERTIONS = NO;
				ENABLE_STRICT_OBJC_MSGSEND = YES;
				GCC_C_LANGUAGE_STANDARD = gnu11;
				GCC_NO_COMMON_BLOCKS = YES;
				GCC_WARN_64_TO_32_BIT_CONVERSION = YES;
				GCC_WARN_ABOUT_RETURN_TYPE = YES_ERROR;
				GCC_WARN_UNDECLARED_SELECTOR = YES;
				GCC_WARN_UNINITIALIZED_AUTOS = YES_AGGRESSIVE;
				GCC_WARN_UNUSED_FUNCTION = YES;
				GCC_WARN_UNUSED_VARIABLE = YES;
				IPHONEOS_DEPLOYMENT_TARGET = 12.1;
				MTL_ENABLE_DEBUG_INFO = NO;
				MTL_FAST_MATH = YES;
				SDKROOT = iphoneos;
				SWIFT_COMPILATION_MODE = wholemodule;
				SWIFT_OPTIMIZATION_LEVEL = "-O";
				VALIDATE_PRODUCT = YES;
			};
			name = Release;
		};
		D6E294142254C99600A927B6 /* Debug */ = {
			isa = XCBuildConfiguration;
			buildSettings = {
				ASSETCATALOG_COMPILER_APPICON_NAME = AppIcon;
				CODE_SIGN_STYLE = Automatic;
				DEVELOPMENT_TEAM = EH2A35JCN3;
				INFOPLIST_FILE = AutoLayout/Info.plist;
				LD_RUNPATH_SEARCH_PATHS = (
					"$(inherited)",
					"@executable_path/Frameworks",
				);
				PRODUCT_BUNDLE_IDENTIFIER = com.test.app.AutoLayout;
				PRODUCT_NAME = "$(TARGET_NAME)";
				SWIFT_VERSION = 4.2;
				TARGETED_DEVICE_FAMILY = "1,2";
			};
			name = Debug;
		};
		D6E294152254C99600A927B6 /* Release */ = {
			isa = XCBuildConfiguration;
			buildSettings = {
				ASSETCATALOG_COMPILER_APPICON_NAME = AppIcon;
				CODE_SIGN_STYLE = Automatic;
				DEVELOPMENT_TEAM = EH2A35JCN3;
				INFOPLIST_FILE = AutoLayout/Info.plist;
				LD_RUNPATH_SEARCH_PATHS = (
					"$(inherited)",
					"@executable_path/Frameworks",
				);
				PRODUCT_BUNDLE_IDENTIFIER = com.test.app.AutoLayout;
				PRODUCT_NAME = "$(TARGET_NAME)";
				SWIFT_VERSION = 4.2;
				TARGETED_DEVICE_FAMILY = "1,2";
			};
			name = Release;
		};
		D6E294172254C99600A927B6 /* Debug */ = {
			isa = XCBuildConfiguration;
			buildSettings = {
				ALWAYS_EMBED_SWIFT_STANDARD_LIBRARIES = YES;
				BUNDLE_LOADER = "$(TEST_HOST)";
				CODE_SIGN_STYLE = Automatic;
				DEVELOPMENT_TEAM = EH2A35JCN3;
				INFOPLIST_FILE = AutoLayoutTests/Info.plist;
				LD_RUNPATH_SEARCH_PATHS = (
					"$(inherited)",
					"@executable_path/Frameworks",
					"@loader_path/Frameworks",
				);
				PRODUCT_BUNDLE_IDENTIFIER = com.test.app.AutoLayoutTests;
				PRODUCT_NAME = "$(TARGET_NAME)";
				SWIFT_VERSION = 4.2;
				TARGETED_DEVICE_FAMILY = "1,2";
				TEST_HOST = "$(BUILT_PRODUCTS_DIR)/AutoLayout.app/AutoLayout";
			};
			name = Debug;
		};
		D6E294182254C99600A927B6 /* Release */ = {
			isa = XCBuildConfiguration;
			buildSettings = {
				ALWAYS_EMBED_SWIFT_STANDARD_LIBRARIES = YES;
				BUNDLE_LOADER = "$(TEST_HOST)";
				CODE_SIGN_STYLE = Automatic;
				DEVELOPMENT_TEAM = EH2A35JCN3;
				INFOPLIST_FILE = AutoLayoutTests/Info.plist;
				LD_RUNPATH_SEARCH_PATHS = (
					"$(inherited)",
					"@executable_path/Frameworks",
					"@loader_path/Frameworks",
				);
				PRODUCT_BUNDLE_IDENTIFIER = com.test.app.AutoLayoutTests;
				PRODUCT_NAME = "$(TARGET_NAME)";
				SWIFT_VERSION = 4.2;
				TARGETED_DEVICE_FAMILY = "1,2";
				TEST_HOST = "$(BUILT_PRODUCTS_DIR)/AutoLayout.app/AutoLayout";
			};
			name = Release;
		};
		D6E2941A2254C99600A927B6 /* Debug */ = {
			isa = XCBuildConfiguration;
			buildSettings = {
				ALWAYS_EMBED_SWIFT_STANDARD_LIBRARIES = YES;
				CODE_SIGN_STYLE = Automatic;
				DEVELOPMENT_TEAM = EH2A35JCN3;
				INFOPLIST_FILE = AutoLayoutUITests/Info.plist;
				LD_RUNPATH_SEARCH_PATHS = (
					"$(inherited)",
					"@executable_path/Frameworks",
					"@loader_path/Frameworks",
				);
				PRODUCT_BUNDLE_IDENTIFIER = com.test.app.AutoLayoutUITests;
				PRODUCT_NAME = "$(TARGET_NAME)";
				SWIFT_VERSION = 4.2;
				TARGETED_DEVICE_FAMILY = "1,2";
				TEST_TARGET_NAME = AutoLayout;
			};
			name = Debug;
		};
		D6E2941B2254C99600A927B6 /* Release */ = {
			isa = XCBuildConfiguration;
			buildSettings = {
				ALWAYS_EMBED_SWIFT_STANDARD_LIBRARIES = YES;
				CODE_SIGN_STYLE = Automatic;
				DEVELOPMENT_TEAM = EH2A35JCN3;
				INFOPLIST_FILE = AutoLayoutUITests/Info.plist;
				LD_RUNPATH_SEARCH_PATHS = (
					"$(inherited)",
					"@executable_path/Frameworks",
					"@loader_path/Frameworks",
				);
				PRODUCT_BUNDLE_IDENTIFIER = com.test.app.AutoLayoutUITests;
				PRODUCT_NAME = "$(TARGET_NAME)";
				SWIFT_VERSION = 4.2;
				TARGETED_DEVICE_FAMILY = "1,2";
				TEST_TARGET_NAME = AutoLayout;
			};
			name = Release;
		};
/* End XCBuildConfiguration section */

/* Begin XCConfigurationList section */
		D6E293E62254C99500A927B6 /* Build configuration list for PBXProject "AutoLayout" */ = {
			isa = XCConfigurationList;
			buildConfigurations = (
				D6E294112254C99600A927B6 /* Debug */,
				D6E294122254C99600A927B6 /* Release */,
			);
			defaultConfigurationIsVisible = 0;
			defaultConfigurationName = Release;
		};
		D6E294132254C99600A927B6 /* Build configuration list for PBXNativeTarget "AutoLayout" */ = {
			isa = XCConfigurationList;
			buildConfigurations = (
				D6E294142254C99600A927B6 /* Debug */,
				D6E294152254C99600A927B6 /* Release */,
			);
			defaultConfigurationIsVisible = 0;
			defaultConfigurationName = Release;
		};
		D6E294162254C99600A927B6 /* Build configuration list for PBXNativeTarget "AutoLayoutTests" */ = {
			isa = XCConfigurationList;
			buildConfigurations = (
				D6E294172254C99600A927B6 /* Debug */,
				D6E294182254C99600A927B6 /* Release */,
			);
			defaultConfigurationIsVisible = 0;
			defaultConfigurationName = Release;
		};
		D6E294192254C99600A927B6 /* Build configuration list for PBXNativeTarget "AutoLayoutUITests" */ = {
			isa = XCConfigurationList;
			buildConfigurations = (
				D6E2941A2254C99600A927B6 /* Debug */,
				D6E2941B2254C99600A927B6 /* Release */,
			);
			defaultConfigurationIsVisible = 0;
			defaultConfigurationName = Release;
		};
/* End XCConfigurationList section */
	};
	rootObject = D6E293E32254C99500A927B6 /* Project object */;
}
